
Microsoft Visual Studio Solution File, Format Version 12.00
# Visual Studio Version 17
VisualStudioVersion = 17.8.34525.116
MinimumVisualStudioVersion = 10.0.40219.1
Project("{9A19103F-16F7-4668-BE54-9A1E7A4F7556}") = "TestProject1", "TestProject1\TestProject1.csproj", "{4358E2D3-4F0B-4CBF-B576-99CE7EE1E116}"
EndProject
Project("{FAE04EC0-301F-11D3-BF4B-00C04F79EFBC}") = "ProcessingOfTwoNumber", "ProcessingOfTwoNumber\ProcessingOfTwoNumber.csproj", "{B8242D2B-658F-4E6A-8D12-5C99530B61B9}"
EndProject
Global
	GlobalSection(SolutionConfigurationPlatforms) = preSolution
		Debug|Any CPU = Debug|Any CPU
		Release|Any CPU = Release|Any CPU
	EndGlobalSection
	GlobalSection(ProjectConfigurationPlatforms) = postSolution
		{4358E2D3-4F0B-4CBF-B576-99CE7EE1E116}.Debug|Any CPU.ActiveCfg = Debug|Any CPU
		{4358E2D3-4F0B-4CBF-B576-99CE7EE1E116}.Debug|Any CPU.Build.0 = Debug|Any CPU
		{4358E2D3-4F0B-4CBF-B576-99CE7EE1E116}.Release|Any CPU.ActiveCfg = Release|Any CPU
		{4358E2D3-4F0B-4CBF-B576-99CE7EE1E116}.Release|Any CPU.Build.0 = Release|Any CPU
		{B8242D2B-658F-4E6A-8D12-5C99530B61B9}.Debug|Any CPU.ActiveCfg = Debug|Any CPU
		{B8242D2B-658F-4E6A-8D12-5C99530B61B9}.Debug|Any CPU.Build.0 = Debug|Any CPU
		{B8242D2B-658F-4E6A-8D12-5C99530B61B9}.Release|Any CPU.ActiveCfg = Release|Any CPU
		{B8242D2B-658F-4E6A-8D12-5C99530B61B9}.Release|Any CPU.Build.0 = Release|Any CPU
	EndGlobalSection
	GlobalSection(SolutionProperties) = preSolution
		HideSolutionNode = FALSE
	EndGlobalSection
	GlobalSection(ExtensibilityGlobals) = postSolution
		SolutionGuid = {26DFEEAF-1E64-4666-9000-A0CFA9C7A02F}
	EndGlobalSection
EndGlobal
